
Microsoft Visual Studio Solution File, Format Version 12.00
Project("{FAE04EC0-301F-11D3-BF4B-00C04F79EFBC}") = "ConsoleApp1", "ConsoleApp1\ConsoleApp1.csproj", "{D82D0562-C3F5-4E2D-ABE9-81136DD58ADB}"
EndProject
Global
	GlobalSection(SolutionConfigurationPlatforms) = preSolution
		Debug|Any CPU = Debug|Any CPU
		Release|Any CPU = Release|Any CPU
	EndGlobalSection
	GlobalSection(ProjectConfigurationPlatforms) = postSolution
		{D82D0562-C3F5-4E2D-ABE9-81136DD58ADB}.Debug|Any CPU.ActiveCfg = Debug|Any CPU
		{D82D0562-C3F5-4E2D-ABE9-81136DD58ADB}.Debug|Any CPU.Build.0 = Debug|Any CPU
		{D82D0562-C3F5-4E2D-ABE9-81136DD58ADB}.Release|Any CPU.ActiveCfg = Release|Any CPU
		{D82D0562-C3F5-4E2D-ABE9-81136DD58ADB}.Release|Any CPU.Build.0 = Release|Any CPU
	EndGlobalSection
EndGlobal
